// !$*UTF8*$!
{
	archiveVersion = 1;
	classes = {
	};
	objectVersion = 55;
	objects = {

/* Begin PBXBuildFile section */
		DC27742E28D247A000B283D8 /* utilities.cpp in Sources */ = {isa = PBXBuildFile; fileRef = DC27742C28D247A000B283D8 /* utilities.cpp */; };
		DC281A3528D9B9BE008E6304 /* problem2.cpp in Sources */ = {isa = PBXBuildFile; fileRef = DC281A3428D9B9BE008E6304 /* problem2.cpp */; };
		DC281A3728D9BB8F008E6304 /* problem3.cpp in Sources */ = {isa = PBXBuildFile; fileRef = DC281A3628D9BB8F008E6304 /* problem3.cpp */; };
		DC281A3928D9BBDC008E6304 /* problem4.cpp in Sources */ = {isa = PBXBuildFile; fileRef = DC281A3828D9BBDC008E6304 /* problem4.cpp */; };
		DC281A3C28D9BC13008E6304 /* problem5.cpp in Sources */ = {isa = PBXBuildFile; fileRef = DC281A3A28D9BC13008E6304 /* problem5.cpp */; };
		DC514C7528DAF46D00AE98E3 /* problem6a.cpp in Sources */ = {isa = PBXBuildFile; fileRef = DC514C7428DAF46D00AE98E3 /* problem6a.cpp */; };
		DC514C7728DB283E00AE98E3 /* problem6b.cpp in Sources */ = {isa = PBXBuildFile; fileRef = DC514C7628DB283E00AE98E3 /* problem6b.cpp */; };
/* End PBXBuildFile section */

/* Begin PBXCopyFilesBuildPhase section */
		DC27742028D2477E00B283D8 /* CopyFiles */ = {
			isa = PBXCopyFilesBuildPhase;
			buildActionMask = 2147483647;
			dstPath = /usr/share/man/man1/;
			dstSubfolderSpec = 0;
			files = (
			);
			runOnlyForDeploymentPostprocessing = 1;
		};
/* End PBXCopyFilesBuildPhase section */

/* Begin PBXFileReference section */
		DC27742228D2477E00B283D8 /* project2 */ = {isa = PBXFileReference; explicitFileType = "compiled.mach-o.executable"; includeInIndex = 0; path = project2; sourceTree = BUILT_PRODUCTS_DIR; };
		DC27742C28D247A000B283D8 /* utilities.cpp */ = {isa = PBXFileReference; lastKnownFileType = sourcecode.cpp.cpp; path = utilities.cpp; sourceTree = "<group>"; };
		DC27742D28D247A000B283D8 /* utilities.hpp */ = {isa = PBXFileReference; lastKnownFileType = sourcecode.cpp.h; path = utilities.hpp; sourceTree = "<group>"; };
		DC281A3428D9B9BE008E6304 /* problem2.cpp */ = {isa = PBXFileReference; lastKnownFileType = sourcecode.cpp.cpp; path = problem2.cpp; sourceTree = "<group>"; };
		DC281A3628D9BB8F008E6304 /* problem3.cpp */ = {isa = PBXFileReference; lastKnownFileType = sourcecode.cpp.cpp; path = problem3.cpp; sourceTree = "<group>"; };
		DC281A3828D9BBDC008E6304 /* problem4.cpp */ = {isa = PBXFileReference; lastKnownFileType = sourcecode.cpp.cpp; path = problem4.cpp; sourceTree = "<group>"; };
		DC281A3A28D9BC13008E6304 /* problem5.cpp */ = {isa = PBXFileReference; lastKnownFileType = sourcecode.cpp.cpp; path = problem5.cpp; sourceTree = "<group>"; };
		DC514C7428DAF46D00AE98E3 /* problem6a.cpp */ = {isa = PBXFileReference; lastKnownFileType = sourcecode.cpp.cpp; path = problem6a.cpp; sourceTree = "<group>"; };
		DC514C7628DB283E00AE98E3 /* problem6b.cpp */ = {isa = PBXFileReference; lastKnownFileType = sourcecode.cpp.cpp; path = problem6b.cpp; sourceTree = "<group>"; };
		DC726A7128D2548E007843EE /* libarmadillo.11.dylib */ = {isa = PBXFileReference; lastKnownFileType = "compiled.mach-o.dylib"; name = libarmadillo.11.dylib; path = ../../../../../usr/local/Cellar/armadillo/11.2.4/lib/libarmadillo.11.dylib; sourceTree = "<group>"; };
		DC726A7328D254AC007843EE /* libarmadillo.11.2.4.dylib */ = {isa = PBXFileReference; lastKnownFileType = "compiled.mach-o.dylib"; name = libarmadillo.11.2.4.dylib; path = ../../../../../usr/local/Cellar/armadillo/11.2.4/lib/libarmadillo.11.2.4.dylib; sourceTree = "<group>"; };
/* End PBXFileReference section */

/* Begin PBXFrameworksBuildPhase section */
		DC27741F28D2477E00B283D8 /* Frameworks */ = {
			isa = PBXFrameworksBuildPhase;
			buildActionMask = 2147483647;
			files = (
			);
			runOnlyForDeploymentPostprocessing = 0;
		};
/* End PBXFrameworksBuildPhase section */

/* Begin PBXGroup section */
		DC27741928D2477E00B283D8 = {
			isa = PBXGroup;
			children = (
				DC514C7628DB283E00AE98E3 /* problem6b.cpp */,
				DC514C7428DAF46D00AE98E3 /* problem6a.cpp */,
				DC281A3A28D9BC13008E6304 /* problem5.cpp */,
				DC281A3828D9BBDC008E6304 /* problem4.cpp */,
				DC281A3628D9BB8F008E6304 /* problem3.cpp */,
				DC281A3428D9B9BE008E6304 /* problem2.cpp */,
				DC27742C28D247A000B283D8 /* utilities.cpp */,
				DC27742D28D247A000B283D8 /* utilities.hpp */,
				DC27742328D2477E00B283D8 /* Products */,
				DC726A7028D2548E007843EE /* Frameworks */,
			);
			sourceTree = "<group>";
		};
		DC27742328D2477E00B283D8 /* Products */ = {
			isa = PBXGroup;
			children = (
				DC27742228D2477E00B283D8 /* project2 */,
			);
			name = Products;
			sourceTree = "<group>";
		};
		DC726A7028D2548E007843EE /* Frameworks */ = {
			isa = PBXGroup;
			children = (
				DC726A7328D254AC007843EE /* libarmadillo.11.2.4.dylib */,
				DC726A7128D2548E007843EE /* libarmadillo.11.dylib */,
			);
			name = Frameworks;
			sourceTree = "<group>";
		};
/* End PBXGroup section */

/* Begin PBXNativeTarget section */
		DC27742128D2477E00B283D8 /* project2 */ = {
			isa = PBXNativeTarget;
			buildConfigurationList = DC27742928D2477E00B283D8 /* Build configuration list for PBXNativeTarget "project2" */;
			buildPhases = (
				DC27741E28D2477E00B283D8 /* Sources */,
				DC27741F28D2477E00B283D8 /* Frameworks */,
				DC27742028D2477E00B283D8 /* CopyFiles */,
			);
			buildRules = (
			);
			dependencies = (
			);
			name = project2;
			productName = project2;
			productReference = DC27742228D2477E00B283D8 /* project2 */;
			productType = "com.apple.product-type.tool";
		};
/* End PBXNativeTarget section */

/* Begin PBXProject section */
		DC27741A28D2477E00B283D8 /* Project object */ = {
			isa = PBXProject;
			attributes = {
				BuildIndependentTargetsInParallel = 1;
				LastUpgradeCheck = 1340;
				TargetAttributes = {
					DC27742128D2477E00B283D8 = {
						CreatedOnToolsVersion = 13.4.1;
					};
				};
			};
			buildConfigurationList = DC27741D28D2477E00B283D8 /* Build configuration list for PBXProject "project2" */;
			compatibilityVersion = "Xcode 13.0";
			developmentRegion = en;
			hasScannedForEncodings = 0;
			knownRegions = (
				en,
				Base,
			);
			mainGroup = DC27741928D2477E00B283D8;
			productRefGroup = DC27742328D2477E00B283D8 /* Products */;
			projectDirPath = "";
			projectRoot = "";
			targets = (
				DC27742128D2477E00B283D8 /* project2 */,
			);
		};
/* End PBXProject section */

/* Begin PBXSourcesBuildPhase section */
		DC27741E28D2477E00B283D8 /* Sources */ = {
			isa = PBXSourcesBuildPhase;
			buildActionMask = 2147483647;
			files = (
				DC514C7528DAF46D00AE98E3 /* problem6a.cpp in Sources */,
				DC281A3528D9B9BE008E6304 /* problem2.cpp in Sources */,
				DC281A3728D9BB8F008E6304 /* problem3.cpp in Sources */,
				DC27742E28D247A000B283D8 /* utilities.cpp in Sources */,
				DC281A3C28D9BC13008E6304 /* problem5.cpp in Sources */,
				DC514C7728DB283E00AE98E3 /* problem6b.cpp in Sources */,
				DC281A3928D9BBDC008E6304 /* problem4.cpp in Sources */,
			);
			runOnlyForDeploymentPostprocessing = 0;
		};
/* End PBXSourcesBuildPhase section */

/* Begin XCBuildConfiguration section */
		DC27742728D2477E00B283D8 /* Debug */ = {
			isa = XCBuildConfiguration;
			buildSettings = {
				ALWAYS_SEARCH_USER_PATHS = NO;
				CLANG_ANALYZER_NONNULL = YES;
				CLANG_ANALYZER_NUMBER_OBJECT_CONVERSION = YES_AGGRESSIVE;
				CLANG_CXX_LANGUAGE_STANDARD = "gnu++17";
				CLANG_ENABLE_MODULES = YES;
				CLANG_ENABLE_OBJC_ARC = YES;
				CLANG_ENABLE_OBJC_WEAK = YES;
				CLANG_WARN_BLOCK_CAPTURE_AUTORELEASING = YES;
				CLANG_WARN_BOOL_CONVERSION = YES;
				CLANG_WARN_COMMA = YES;
				CLANG_WARN_CONSTANT_CONVERSION = YES;
				CLANG_WARN_DEPRECATED_OBJC_IMPLEMENTATIONS = YES;
				CLANG_WARN_DIRECT_OBJC_ISA_USAGE = YES_ERROR;
				CLANG_WARN_DOCUMENTATION_COMMENTS = YES;
				CLANG_WARN_EMPTY_BODY = YES;
				CLANG_WARN_ENUM_CONVERSION = YES;
				CLANG_WARN_INFINITE_RECURSION = YES;
				CLANG_WARN_INT_CONVERSION = YES;
				CLANG_WARN_NON_LITERAL_NULL_CONVERSION = YES;
				CLANG_WARN_OBJC_IMPLICIT_RETAIN_SELF = YES;
				CLANG_WARN_OBJC_LITERAL_CONVERSION = YES;
				CLANG_WARN_OBJC_ROOT_CLASS = YES_ERROR;
				CLANG_WARN_QUOTED_INCLUDE_IN_FRAMEWORK_HEADER = YES;
				CLANG_WARN_RANGE_LOOP_ANALYSIS = YES;
				CLANG_WARN_STRICT_PROTOTYPES = YES;
				CLANG_WARN_SUSPICIOUS_MOVE = YES;
				CLANG_WARN_UNGUARDED_AVAILABILITY = YES_AGGRESSIVE;
				CLANG_WARN_UNREACHABLE_CODE = YES;
				CLANG_WARN__DUPLICATE_METHOD_MATCH = YES;
				COPY_PHASE_STRIP = NO;
				DEBUG_INFORMATION_FORMAT = dwarf;
				ENABLE_STRICT_OBJC_MSGSEND = YES;
				ENABLE_TESTABILITY = YES;
				GCC_C_LANGUAGE_STANDARD = gnu11;
				GCC_DYNAMIC_NO_PIC = NO;
				GCC_NO_COMMON_BLOCKS = YES;
				GCC_OPTIMIZATION_LEVEL = 0;
				GCC_PREPROCESSOR_DEFINITIONS = (
					"DEBUG=1",
					"$(inherited)",
				);
				GCC_WARN_64_TO_32_BIT_CONVERSION = YES;
				GCC_WARN_ABOUT_RETURN_TYPE = YES_ERROR;
				GCC_WARN_UNDECLARED_SELECTOR = YES;
				GCC_WARN_UNINITIALIZED_AUTOS = YES_AGGRESSIVE;
				GCC_WARN_UNUSED_FUNCTION = YES;
				GCC_WARN_UNUSED_VARIABLE = YES;
				MACOSX_DEPLOYMENT_TARGET = 12.2;
				MTL_ENABLE_DEBUG_INFO = INCLUDE_SOURCE;
				MTL_FAST_MATH = YES;
				ONLY_ACTIVE_ARCH = YES;
				SDKROOT = macosx;
			};
			name = Debug;
		};
		DC27742828D2477E00B283D8 /* Release */ = {
			isa = XCBuildConfiguration;
			buildSettings = {
				ALWAYS_SEARCH_USER_PATHS = NO;
				CLANG_ANALYZER_NONNULL = YES;
				CLANG_ANALYZER_NUMBER_OBJECT_CONVERSION = YES_AGGRESSIVE;
				CLANG_CXX_LANGUAGE_STANDARD = "gnu++17";
				CLANG_ENABLE_MODULES = YES;
				CLANG_ENABLE_OBJC_ARC = YES;
				CLANG_ENABLE_OBJC_WEAK = YES;
				CLANG_WARN_BLOCK_CAPTURE_AUTORELEASING = YES;
				CLANG_WARN_BOOL_CONVERSION = YES;
				CLANG_WARN_COMMA = YES;
				CLANG_WARN_CONSTANT_CONVERSION = YES;
				CLANG_WARN_DEPRECATED_OBJC_IMPLEMENTATIONS = YES;
				CLANG_WARN_DIRECT_OBJC_ISA_USAGE = YES_ERROR;
				CLANG_WARN_DOCUMENTATION_COMMENTS = YES;
				CLANG_WARN_EMPTY_BODY = YES;
				CLANG_WARN_ENUM_CONVERSION = YES;
				CLANG_WARN_INFINITE_RECURSION = YES;
				CLANG_WARN_INT_CONVERSION = YES;
				CLANG_WARN_NON_LITERAL_NULL_CONVERSION = YES;
				CLANG_WARN_OBJC_IMPLICIT_RETAIN_SELF = YES;
				CLANG_WARN_OBJC_LITERAL_CONVERSION = YES;
				CLANG_WARN_OBJC_ROOT_CLASS = YES_ERROR;
				CLANG_WARN_QUOTED_INCLUDE_IN_FRAMEWORK_HEADER = YES;
				CLANG_WARN_RANGE_LOOP_ANALYSIS = YES;
				CLANG_WARN_STRICT_PROTOTYPES = YES;
				CLANG_WARN_SUSPICIOUS_MOVE = YES;
				CLANG_WARN_UNGUARDED_AVAILABILITY = YES_AGGRESSIVE;
				CLANG_WARN_UNREACHABLE_CODE = YES;
				CLANG_WARN__DUPLICATE_METHOD_MATCH = YES;
				COPY_PHASE_STRIP = NO;
				DEBUG_INFORMATION_FORMAT = "dwarf-with-dsym";
				ENABLE_NS_ASSERTIONS = NO;
				ENABLE_STRICT_OBJC_MSGSEND = YES;
				GCC_C_LANGUAGE_STANDARD = gnu11;
				GCC_NO_COMMON_BLOCKS = YES;
				GCC_WARN_64_TO_32_BIT_CONVERSION = YES;
				GCC_WARN_ABOUT_RETURN_TYPE = YES_ERROR;
				GCC_WARN_UNDECLARED_SELECTOR = YES;
				GCC_WARN_UNINITIALIZED_AUTOS = YES_AGGRESSIVE;
				GCC_WARN_UNUSED_FUNCTION = YES;
				GCC_WARN_UNUSED_VARIABLE = YES;
				MACOSX_DEPLOYMENT_TARGET = 12.2;
				MTL_ENABLE_DEBUG_INFO = NO;
				MTL_FAST_MATH = YES;
				SDKROOT = macosx;
			};
			name = Release;
		};
		DC27742A28D2477E00B283D8 /* Debug */ = {
			isa = XCBuildConfiguration;
			buildSettings = {
				CODE_SIGN_STYLE = Automatic;
				HEADER_SEARCH_PATHS = "";
				LIBRARY_SEARCH_PATHS = "";
				OTHER_LDFLAGS = /usr/local/Cellar/armadillo/11.2.4/lib;
				PRODUCT_NAME = "$(TARGET_NAME)";
			};
			name = Debug;
		};
		DC27742B28D2477E00B283D8 /* Release */ = {
			isa = XCBuildConfiguration;
			buildSettings = {
				CODE_SIGN_STYLE = Automatic;
				HEADER_SEARCH_PATHS = "";
				LIBRARY_SEARCH_PATHS = "";
				OTHER_LDFLAGS = /usr/local/Cellar/armadillo/11.2.4/lib;
				PRODUCT_NAME = "$(TARGET_NAME)";
			};
			name = Release;
		};
/* End XCBuildConfiguration section */

/* Begin XCConfigurationList section */
		DC27741D28D2477E00B283D8 /* Build configuration list for PBXProject "project2" */ = {
			isa = XCConfigurationList;
			buildConfigurations = (
				DC27742728D2477E00B283D8 /* Debug */,
				DC27742828D2477E00B283D8 /* Release */,
			);
			defaultConfigurationIsVisible = 0;
			defaultConfigurationName = Release;
		};
		DC27742928D2477E00B283D8 /* Build configuration list for PBXNativeTarget "project2" */ = {
			isa = XCConfigurationList;
			buildConfigurations = (
				DC27742A28D2477E00B283D8 /* Debug */,
				DC27742B28D2477E00B283D8 /* Release */,
			);
			defaultConfigurationIsVisible = 0;
			defaultConfigurationName = Release;
		};
/* End XCConfigurationList section */
	};
	rootObject = DC27741A28D2477E00B283D8 /* Project object */;
}
